
Microsoft Visual Studio Solution File, Format Version 12.00
# Visual Studio Version 17
VisualStudioVersion = 17.10.34916.146
MinimumVisualStudioVersion = 10.0.40219.1
Project("{FAE04EC0-301F-11D3-BF4B-00C04F79EFBC}") = "CommsPanel_Interface", "CommsPanel_Interface.csproj", "{8DCB37CD-806D-43E2-9934-A0EC4A3CDCB3}"
EndProject
Global
	GlobalSection(SolutionConfigurationPlatforms) = preSolution
		Debug|Any CPU = Debug|Any CPU
		Release|Any CPU = Release|Any CPU
	EndGlobalSection
	GlobalSection(ProjectConfigurationPlatforms) = postSolution
		{8DCB37CD-806D-43E2-9934-A0EC4A3CDCB3}.Debug|Any CPU.ActiveCfg = Debug|Any CPU
		{8DCB37CD-806D-43E2-9934-A0EC4A3CDCB3}.Debug|Any CPU.Build.0 = Debug|Any CPU
		{8DCB37CD-806D-43E2-9934-A0EC4A3CDCB3}.Release|Any CPU.ActiveCfg = Release|Any CPU
		{8DCB37CD-806D-43E2-9934-A0EC4A3CDCB3}.Release|Any CPU.Build.0 = Release|Any CPU
	EndGlobalSection
	GlobalSection(SolutionProperties) = preSolution
		HideSolutionNode = FALSE
	EndGlobalSection
	GlobalSection(ExtensibilityGlobals) = postSolution
		SolutionGuid = {A4319CD1-D853-4DD9-8753-85EAADA46989}
	EndGlobalSection
EndGlobal
